
Microsoft Visual Studio Solution File, Format Version 12.00
# Visual Studio Version 17
VisualStudioVersion = 17.13.35825.156 d17.13
MinimumVisualStudioVersion = 10.0.40219.1
Project("{8BC9CEB8-8B4A-11D0-8D11-00A0C91BC942}") = "Talon", "Talon\Talon.vcxproj", "{81C4A843-BF30-4E0C-A1D0-04243831C22B}"
EndProject
Global
	GlobalSection(SolutionConfigurationPlatforms) = preSolution
		Debug|x64 = Debug|x64
		Debug|x86 = Debug|x86
		Release|x64 = Release|x64
		Release|x86 = Release|x86
	EndGlobalSection
	GlobalSection(ProjectConfigurationPlatforms) = postSolution
		{81C4A843-BF30-4E0C-A1D0-04243831C22B}.Debug|x64.ActiveCfg = Debug|x64
		{81C4A843-BF30-4E0C-A1D0-04243831C22B}.Debug|x64.Build.0 = Debug|x64
		{81C4A843-BF30-4E0C-A1D0-04243831C22B}.Debug|x86.ActiveCfg = Debug|Win32
		{81C4A843-BF30-4E0C-A1D0-04243831C22B}.Debug|x86.Build.0 = Debug|Win32
		{81C4A843-BF30-4E0C-A1D0-04243831C22B}.Release|x64.ActiveCfg = Release|x64
		{81C4A843-BF30-4E0C-A1D0-04243831C22B}.Release|x64.Build.0 = Release|x64
		{81C4A843-BF30-4E0C-A1D0-04243831C22B}.Release|x86.ActiveCfg = Release|Win32
		{81C4A843-BF30-4E0C-A1D0-04243831C22B}.Release|x86.Build.0 = Release|Win32
	EndGlobalSection
	GlobalSection(SolutionProperties) = preSolution
		HideSolutionNode = FALSE
	EndGlobalSection
	GlobalSection(ExtensibilityGlobals) = postSolution
		SolutionGuid = {7F363B46-386A-4CE5-92D2-4E65D88B5B5F}
	EndGlobalSection
EndGlobal
