<?xml version="1.0" encoding="utf-8"?>
<Project ToolsVersion="4.0" xmlns="http://schemas.microsoft.com/developer/msbuild/2003">
  <ItemGroup>
    <Filter Include="Source Files">
      <UniqueIdentifier>{4FC737F1-C7A5-4376-A066-2A32D752A2FF}</UniqueIdentifier>
      <Extensions>cpp;c;cc;cxx;c++;cppm;ixx;def;odl;idl;hpj;bat;asm;asmx</Extensions>
    </Filter>
    <Filter Include="Header Files">
      <UniqueIdentifier>{93995380-89BD-4b04-88EB-625FBE52EBFB}</UniqueIdentifier>
      <Extensions>h;hh;hpp;hxx;h++;hm;inl;inc;ipp;xsd</Extensions>
    </Filter>
    <Filter Include="Resource Files">
      <UniqueIdentifier>{67DA6AB6-F800-4c08-8B7A-83BB121AAD01}</UniqueIdentifier>
      <Extensions>rc;ico;cur;bmp;dlg;rc2;rct;bin;rgs;gif;jpg;jpeg;jpe;resx;tiff;tif;png;wav;mfcribbon-ms</Extensions>
    </Filter>
    <Filter Include="Header Files\Components">
      <UniqueIdentifier>{e350a589-70f9-40ab-8135-38d33d4162cc}</UniqueIdentifier>
    </Filter>
    <Filter Include="Header Files\Core">
      <UniqueIdentifier>{76562eda-89b0-4317-8d45-79d1cd8569b4}</UniqueIdentifier>
    </Filter>
    <Filter Include="Header Files\System">
      <UniqueIdentifier>{5dee6109-bae8-412b-a515-e4b94fd61017}</UniqueIdentifier>
    </Filter>
    <Filter Include="Source Files\Components">
      <UniqueIdentifier>{c3aed997-ffe8-40c6-bb68-522602be8f90}</UniqueIdentifier>
    </Filter>
    <Filter Include="Source Files\Core">
      <UniqueIdentifier>{417c5e06-4b4b-4c29-9feb-d03d58ab2250}</UniqueIdentifier>
    </Filter>
    <Filter Include="Source Files\System">
      <UniqueIdentifier>{59df96c6-2502-4bc3-8857-31bcf115ffbc}</UniqueIdentifier>
    </Filter>
    <Filter Include="Resource Files\Assets">
      <UniqueIdentifier>{4ebfcc9b-b182-4943-9826-4cc6176a8dd6}</UniqueIdentifier>
    </Filter>
    <Filter Include="Resource Files\Assets\Player">
      <UniqueIdentifier>{ba2f2799-f6c4-4d6a-bf60-e85c074d617f}</UniqueIdentifier>
    </Filter>
    <Filter Include="Header Files\Utils">
      <UniqueIdentifier>{fe79a200-2c7f-45d3-bc08-473c6eb2acc5}</UniqueIdentifier>
    </Filter>
    <Filter Include="Resource Files\Config">
      <UniqueIdentifier>{16467392-e22f-4e24-b62f-72bfdfca4923}</UniqueIdentifier>
    </Filter>
    <Filter Include="Resource Files\Config\Player">
      <UniqueIdentifier>{7e383178-775f-4081-9c8c-18104c6877e0}</UniqueIdentifier>
    </Filter>
    <Filter Include="Header Files\Utils\ImGui">
      <UniqueIdentifier>{36b13e2e-36b7-47b2-8761-bc22d8283058}</UniqueIdentifier>
    </Filter>
    <Filter Include="Header Files\Utils\ImGui\backend">
      <UniqueIdentifier>{2ea54e72-5e4d-415e-9279-558f5bf15889}</UniqueIdentifier>
    </Filter>
    <Filter Include="Source Files\EditorUI">
      <UniqueIdentifier>{2327d015-66df-4327-9693-8e58458a788c}</UniqueIdentifier>
    </Filter>
    <Filter Include="Header Files\EditorUI">
      <UniqueIdentifier>{a72a8e99-c966-4fb9-aeb6-91e15ed46544}</UniqueIdentifier>
    </Filter>
    <Filter Include="Settings">
      <UniqueIdentifier>{b8ae6444-a00a-4632-80c0-e0938e196e14}</UniqueIdentifier>
    </Filter>
  </ItemGroup>
  <ItemGroup>
    <ClInclude Include="include\Components\BoxCollider.h">
      <Filter>Header Files\Components</Filter>
    </ClInclude>
    <ClInclude Include="include\Components\Rigidbody.h">
      <Filter>Header Files\Components</Filter>
    </ClInclude>
    <ClInclude Include="include\Components\SpriteRenderer.h">
      <Filter>Header Files\Components</Filter>
    </ClInclude>
    <ClInclude Include="include\Core\MindCore.h">
      <Filter>Header Files\Core</Filter>
    </ClInclude>
    <ClInclude Include="include\Core\Transform.h">
      <Filter>Header Files\Core</Filter>
    </ClInclude>
    <ClInclude Include="include\Core\GameObject.h">
      <Filter>Header Files\Core</Filter>
    </ClInclude>
    <ClInclude Include="include\System\InputSystem.h">
      <Filter>Header Files\System</Filter>
    </ClInclude>
    <ClInclude Include="include\System\WindowManager.h">
      <Filter>Header Files\System</Filter>
    </ClInclude>
    <ClInclude Include="include\System\CollisionManager.h">
      <Filter>Header Files\System</Filter>
    </ClInclude>
    <ClInclude Include="include\PhysicsUtils.h">
      <Filter>Header Files</Filter>
    </ClInclude>
    <ClInclude Include="include\PlayerController.h">
      <Filter>Header Files</Filter>
    </ClInclude>
    <ClInclude Include="include\Vector2.h">
      <Filter>Header Files</Filter>
    </ClInclude>
    <ClInclude Include="include\Components\Animator.h">
      <Filter>Header Files\Components</Filter>
    </ClInclude>
    <ClInclude Include="include\System\AnimatorStateMachine.h">
      <Filter>Header Files\System</Filter>
    </ClInclude>
    <ClInclude Include="include\Utils\json.hpp">
      <Filter>Header Files\Utils</Filter>
    </ClInclude>
    <ClInclude Include="include\Utils\ImGui\backend\imgui_impl_sdl2.h">
      <Filter>Header Files\Utils\ImGui\backend</Filter>
    </ClInclude>
    <ClInclude Include="include\Utils\ImGui\backend\imgui_impl_sdlrenderer2.h">
      <Filter>Header Files\Utils\ImGui\backend</Filter>
    </ClInclude>
    <ClInclude Include="include\Utils\ImGui\imconfig.h">
      <Filter>Header Files\Utils\ImGui</Filter>
    </ClInclude>
    <ClInclude Include="include\Utils\ImGui\imgui.h">
      <Filter>Header Files\Utils\ImGui</Filter>
    </ClInclude>
    <ClInclude Include="include\Utils\ImGui\imgui_internal.h">
      <Filter>Header Files\Utils\ImGui</Filter>
    </ClInclude>
    <ClInclude Include="include\Utils\ImGui\imstb_rectpack.h">
      <Filter>Header Files\Utils\ImGui</Filter>
    </ClInclude>
    <ClInclude Include="include\Utils\ImGui\imstb_truetype.h">
      <Filter>Header Files\Utils\ImGui</Filter>
    </ClInclude>
    <ClInclude Include="include\Utils\ImGui\imstb_textedit.h">
      <Filter>Header Files\Utils\ImGui</Filter>
    </ClInclude>
    <ClInclude Include="include\EditorUI\ConsolePanel.h">
      <Filter>Header Files\EditorUI</Filter>
    </ClInclude>
    <ClInclude Include="include\EditorUI\EditorUIManager.h">
      <Filter>Header Files\EditorUI</Filter>
    </ClInclude>
    <ClInclude Include="include\EditorUI\HierarchyPanel.h">
      <Filter>Header Files\EditorUI</Filter>
    </ClInclude>
    <ClInclude Include="include\EditorUI\InspectorPanel.h">
      <Filter>Header Files\EditorUI</Filter>
    </ClInclude>
    <ClInclude Include="include\System\Console.hpp">
      <Filter>Header Files</Filter>
    </ClInclude>
    <ClInclude Include="include\Core\MindEngine.h">
      <Filter>Header Files\Core</Filter>
    </ClInclude>
    <ClInclude Include="ScenePanel.hpp">
      <Filter>Header Files\EditorUI</Filter>
    </ClInclude>
  </ItemGroup>
  <ItemGroup>
    <ClCompile Include="src\Components\BoxCollider.cpp">
      <Filter>Source Files\Components</Filter>
    </ClCompile>
    <ClCompile Include="src\Components\Rigidbody.cpp">
      <Filter>Source Files\Components</Filter>
    </ClCompile>
    <ClCompile Include="src\Components\SpriteRenderer.cpp">
      <Filter>Source Files\Components</Filter>
    </ClCompile>
    <ClCompile Include="src\Core\GameObject.cpp">
      <Filter>Source Files\Core</Filter>
    </ClCompile>
    <ClCompile Include="src\Core\MindCore.cpp">
      <Filter>Source Files\Core</Filter>
    </ClCompile>
    <ClCompile Include="src\System\WindowManager.cpp">
      <Filter>Source Files\System</Filter>
    </ClCompile>
    <ClCompile Include="src\main.cpp">
      <Filter>Source Files</Filter>
    </ClCompile>
    <ClCompile Include="src\PlayerController.cpp">
      <Filter>Source Files</Filter>
    </ClCompile>
    <ClCompile Include="src\Components\Animator.cpp">
      <Filter>Source Files\Components</Filter>
    </ClCompile>
    <ClCompile Include="src\System\AnimatorStateMachine.cpp">
      <Filter>Source Files\System</Filter>
    </ClCompile>
    <ClCompile Include="src\System\InputSystem.cpp">
      <Filter>Source Files\System</Filter>
    </ClCompile>
    <ClCompile Include="include\Utils\ImGui\backend\imgui_impl_sdl2.cpp">
      <Filter>Header Files\Utils\ImGui\backend</Filter>
    </ClCompile>
    <ClCompile Include="include\Utils\ImGui\backend\imgui_impl_sdlrenderer2.cpp">
      <Filter>Header Files\Utils\ImGui\backend</Filter>
    </ClCompile>
    <ClCompile Include="include\Utils\ImGui\imgui.cpp">
      <Filter>Header Files\Utils\ImGui</Filter>
    </ClCompile>
    <ClCompile Include="include\Utils\ImGui\imgui_draw.cpp">
      <Filter>Header Files\Utils\ImGui</Filter>
    </ClCompile>
    <ClCompile Include="include\Utils\ImGui\imgui_tables.cpp">
      <Filter>Header Files\Utils\ImGui</Filter>
    </ClCompile>
    <ClCompile Include="include\Utils\ImGui\imgui_widgets.cpp">
      <Filter>Header Files\Utils\ImGui</Filter>
    </ClCompile>
    <ClCompile Include="src\EditorUI\ConsolePanel.cpp">
      <Filter>Source Files\EditorUI</Filter>
    </ClCompile>
    <ClCompile Include="src\EditorUI\EditorUIManager.cpp">
      <Filter>Source Files\EditorUI</Filter>
    </ClCompile>
    <ClCompile Include="src\EditorUI\HierarchyPanel.cpp">
      <Filter>Source Files\EditorUI</Filter>
    </ClCompile>
    <ClCompile Include="src\EditorUI\InspectorPanel.cpp">
      <Filter>Source Files\EditorUI</Filter>
    </ClCompile>
    <ClCompile Include="include\Utils\ImGui\imgui_demo.cpp">
      <Filter>Header Files\Utils\ImGui</Filter>
    </ClCompile>
    <ClCompile Include="src\System\Console.cpp">
      <Filter>Source Files</Filter>
    </ClCompile>
    <ClCompile Include="src\Core\MindEngine.cpp">
      <Filter>Source Files\Core</Filter>
    </ClCompile>
    <ClCompile Include="ScenePanel.cpp">
      <Filter>Source Files\EditorUI</Filter>
    </ClCompile>
  </ItemGroup>
  <ItemGroup>
    <None Include="assets\config\input.json">
      <Filter>Resource Files\Config</Filter>
    </None>
    <None Include="assets\config\player\animation_state.json">
      <Filter>Resource Files\Config\Player</Filter>
    </None>
    <None Include="settings\editor_settings.json">
      <Filter>Settings</Filter>
    </None>
  </ItemGroup>
  <ItemGroup>
    <Image Include="assets\player\grass_tiles.png">
      <Filter>Resource Files\Assets\Player</Filter>
    </Image>
    <Image Include="assets\player\player_down.png">
      <Filter>Resource Files\Assets\Player</Filter>
    </Image>
    <Image Include="assets\player\player_idle_down.png">
      <Filter>Resource Files\Assets\Player</Filter>
    </Image>
    <Image Include="assets\player\player_idle_left.png">
      <Filter>Resource Files\Assets\Player</Filter>
    </Image>
    <Image Include="assets\player\player_idle_right.png">
      <Filter>Resource Files\Assets\Player</Filter>
    </Image>
    <Image Include="assets\player\player_idle_up.png">
      <Filter>Resource Files\Assets\Player</Filter>
    </Image>
    <Image Include="assets\player\player_walk_down.png">
      <Filter>Resource Files\Assets\Player</Filter>
    </Image>
    <Image Include="assets\player\player_walk_left.png">
      <Filter>Resource Files\Assets\Player</Filter>
    </Image>
    <Image Include="assets\player\player_walk_right.png">
      <Filter>Resource Files\Assets\Player</Filter>
    </Image>
    <Image Include="assets\player\player_walk_up.png">
      <Filter>Resource Files\Assets\Player</Filter>
    </Image>
    <Image Include="assets\player\grass.png">
      <Filter>Resource Files\Assets\Player</Filter>
    </Image>
  </ItemGroup>
</Project>